
Microsoft Visual Studio Solution File, Format Version 12.00
# Visual Studio Version 16
VisualStudioVersion = 16.0.29721.120
MinimumVisualStudioVersion = 10.0.40219.1
Project("{FAE04EC0-301F-11D3-BF4B-00C04F79EFBC}") = "CrossZero", "CrossZero.csproj", "{0A3353B9-5F54-4DA1-87A9-C36D8B9BDB4B}"
EndProject
Global
	GlobalSection(SolutionConfigurationPlatforms) = preSolution
		Debug|Any CPU = Debug|Any CPU
		Release|Any CPU = Release|Any CPU
	EndGlobalSection
	GlobalSection(ProjectConfigurationPlatforms) = postSolution
		{0A3353B9-5F54-4DA1-87A9-C36D8B9BDB4B}.Debug|Any CPU.ActiveCfg = Debug|Any CPU
		{0A3353B9-5F54-4DA1-87A9-C36D8B9BDB4B}.Debug|Any CPU.Build.0 = Debug|Any CPU
		{0A3353B9-5F54-4DA1-87A9-C36D8B9BDB4B}.Release|Any CPU.ActiveCfg = Release|Any CPU
		{0A3353B9-5F54-4DA1-87A9-C36D8B9BDB4B}.Release|Any CPU.Build.0 = Release|Any CPU
	EndGlobalSection
	GlobalSection(SolutionProperties) = preSolution
		HideSolutionNode = FALSE
	EndGlobalSection
	GlobalSection(ExtensibilityGlobals) = postSolution
		SolutionGuid = {A4FDD7E1-4806-4DED-B590-06B52FEC7503}
	EndGlobalSection
EndGlobal
